
Microsoft Visual Studio Solution File, Format Version 12.00
# Visual Studio Version 16
VisualStudioVersion = 16.0.29009.5
MinimumVisualStudioVersion = 10.0.40219.1
Project("{9A19103F-16F7-4668-BE54-9A1E7A4F7556}") = "SehirRehberi.Api", "SehirRehberi.Api\SehirRehberi.Api.csproj", "{AD432CB2-A7AC-402A-BB1C-8600E76D342F}"
EndProject
Global
	GlobalSection(SolutionConfigurationPlatforms) = preSolution
		Debug|Any CPU = Debug|Any CPU
		Release|Any CPU = Release|Any CPU
	EndGlobalSection
	GlobalSection(ProjectConfigurationPlatforms) = postSolution
		{AD432CB2-A7AC-402A-BB1C-8600E76D342F}.Debug|Any CPU.ActiveCfg = Debug|Any CPU
		{AD432CB2-A7AC-402A-BB1C-8600E76D342F}.Debug|Any CPU.Build.0 = Debug|Any CPU
		{AD432CB2-A7AC-402A-BB1C-8600E76D342F}.Release|Any CPU.ActiveCfg = Release|Any CPU
		{AD432CB2-A7AC-402A-BB1C-8600E76D342F}.Release|Any CPU.Build.0 = Release|Any CPU
	EndGlobalSection
	GlobalSection(SolutionProperties) = preSolution
		HideSolutionNode = FALSE
	EndGlobalSection
	GlobalSection(ExtensibilityGlobals) = postSolution
		SolutionGuid = {984B8A60-088C-4182-A22C-414A5FB7DE8B}
	EndGlobalSection
EndGlobal
